
Microsoft Visual Studio Solution File, Format Version 12.00
Project("{FAE04EC0-301F-11D3-BF4B-00C04F79EFBC}") = "SQLitePayrollDatabase", "SQLitePayrollDatabase\SQLitePayrollDatabase.csproj", "{9E4A0173-D7D1-49C3-BD7C-9A33D35C657D}"
EndProject
Project("{FAE04EC0-301F-11D3-BF4B-00C04F79EFBC}") = "SqliteDatabaseTests", "SqliteDatabaseTests\SqliteDatabaseTests.csproj", "{6A5A55DE-D6C5-45B6-8B9C-5DCCAF4FE579}"
EndProject
Project("{2150E333-8FDC-42A3-9474-1A3956D46DE8}") = "DatabaseImplementations", "DatabaseImplementations", "{AAAEF113-041A-4DF5-BE88-452917F4DB0D}"
EndProject
Project("{FAE04EC0-301F-11D3-BF4B-00C04F79EFBC}") = "InMemoryDBTest", "InMemoryDBTest\InMemoryDBTest.csproj", "{92DE6CC4-82DC-43BE-9AEC-2E0528F23ABF}"
EndProject
Project("{2150E333-8FDC-42A3-9474-1A3956D46DE8}") = "Tests", "Tests", "{F4135DDD-FFD0-4C08-B733-C2733BE480BB}"
EndProject
Project("{FAE04EC0-301F-11D3-BF4B-00C04F79EFBC}") = "PayrollGTK", "PayrollGTK\PayrollGTK\PayrollGTK.csproj", "{6FF17ECF-0692-46A0-83AD-5535918F0466}"
EndProject
Project("{FAE04EC0-301F-11D3-BF4B-00C04F79EFBC}") = "GTKApplication", "GTKApplication\GTKApplication.csproj", "{30038A32-18E5-44FD-BAC0-C057E09C5C4E}"
EndProject
Project("{2150E333-8FDC-42A3-9474-1A3956D46DE8}") = "GTKGui", "GTKGui", "{EB9177D7-FE6A-4A53-9E74-312E48061580}"
EndProject
Project("{FAE04EC0-301F-11D3-BF4B-00C04F79EFBC}") = "PayrollFormsTest", "PayrollFormsTest\PayrollFormsTest.csproj", "{A94C603C-34C9-47DC-98F4-808424ACC04A}"
EndProject
Project("{2150E333-8FDC-42A3-9474-1A3956D46DE8}") = "5", "5", "{47CE076C-6B9C-4E33-AC10-6A3B859D0090}"
EndProject
Project("{FAE04EC0-301F-11D3-BF4B-00C04F79EFBC}") = "Transactions", "Transactions\Transactions.csproj", "{62A1D993-8146-41A8-A993-2401569483DD}"
EndProject
Project("{FAE04EC0-301F-11D3-BF4B-00C04F79EFBC}") = "Schedules", "Schedules\Schedules.csproj", "{BAC7A78A-192D-45FE-B2F6-B5B0E359F687}"
EndProject
Project("{FAE04EC0-301F-11D3-BF4B-00C04F79EFBC}") = "Presenter", "Presenter\Presenter.csproj", "{12994597-FCBC-417A-B465-61795CA459F0}"
EndProject
Project("{FAE04EC0-301F-11D3-BF4B-00C04F79EFBC}") = "PayrollDatabase", "PayrollDatabase\PayrollDatabase.csproj", "{453BCA10-C244-49B2-A91D-808F64D355AA}"
EndProject
Project("{FAE04EC0-301F-11D3-BF4B-00C04F79EFBC}") = "PayrollDomain", "PayrollDomain\PayrollDomain.csproj", "{39C77A7C-3176-450A-BFDC-851BAE0851D0}"
EndProject
Project("{FAE04EC0-301F-11D3-BF4B-00C04F79EFBC}") = "PaymentMethods", "PaymentMethods\PaymentMethods.csproj", "{858ED41B-BD94-4DE0-9203-F6FE8BA60E3E}"
EndProject
Project("{FAE04EC0-301F-11D3-BF4B-00C04F79EFBC}") = "PaymentClassifications", "PaymentClassifications\PaymentClassifications.csproj", "{4DE7296F-3586-4631-AB89-C16089A17BD9}"
EndProject
Project("{FAE04EC0-301F-11D3-BF4B-00C04F79EFBC}") = "Affiliations", "Affiliations\Affiliations.csproj", "{2D384FFF-E6CB-475B-9C95-D84AD2F264C8}"
EndProject
Project("{FAE04EC0-301F-11D3-BF4B-00C04F79EFBC}") = "PresenterTests", "PresenterTests\PresenterTests.csproj", "{95DB5400-DE79-42AF-953D-202F41A8D948}"
EndProject
Project("{FAE04EC0-301F-11D3-BF4B-00C04F79EFBC}") = "PayrollForms", "PayrollForms\PayrollForms.csproj", "{BF252C94-EBBB-4413-83FA-3FD07456C5B3}"
EndProject
Project("{FAE04EC0-301F-11D3-BF4B-00C04F79EFBC}") = "PayrollBuilder5", "PayrollBuilder5\PayrollBuilder5.csproj", "{97967CB0-AFCB-4709-BD92-BDF62E628A4A}"
EndProject
Project("{FAE04EC0-301F-11D3-BF4B-00C04F79EFBC}") = "TransactionTests5", "TransactionTests5\TransactionTests5.csproj", "{4E9E8B88-0085-4C23-8F6A-3909EB12088D}"
EndProject
Global
	GlobalSection(SolutionConfigurationPlatforms) = preSolution
		Debug|Any CPU = Debug|Any CPU
		Release|Any CPU = Release|Any CPU
	EndGlobalSection
	GlobalSection(ProjectConfigurationPlatforms) = postSolution
		{9E4A0173-D7D1-49C3-BD7C-9A33D35C657D}.Debug|Any CPU.ActiveCfg = Debug|Any CPU
		{9E4A0173-D7D1-49C3-BD7C-9A33D35C657D}.Debug|Any CPU.Build.0 = Debug|Any CPU
		{9E4A0173-D7D1-49C3-BD7C-9A33D35C657D}.Release|Any CPU.ActiveCfg = Release|Any CPU
		{9E4A0173-D7D1-49C3-BD7C-9A33D35C657D}.Release|Any CPU.Build.0 = Release|Any CPU
		{6A5A55DE-D6C5-45B6-8B9C-5DCCAF4FE579}.Debug|Any CPU.ActiveCfg = Debug|Any CPU
		{6A5A55DE-D6C5-45B6-8B9C-5DCCAF4FE579}.Debug|Any CPU.Build.0 = Debug|Any CPU
		{6A5A55DE-D6C5-45B6-8B9C-5DCCAF4FE579}.Release|Any CPU.ActiveCfg = Release|Any CPU
		{6A5A55DE-D6C5-45B6-8B9C-5DCCAF4FE579}.Release|Any CPU.Build.0 = Release|Any CPU
		{92DE6CC4-82DC-43BE-9AEC-2E0528F23ABF}.Debug|Any CPU.ActiveCfg = Debug|Any CPU
		{92DE6CC4-82DC-43BE-9AEC-2E0528F23ABF}.Debug|Any CPU.Build.0 = Debug|Any CPU
		{92DE6CC4-82DC-43BE-9AEC-2E0528F23ABF}.Release|Any CPU.ActiveCfg = Release|Any CPU
		{92DE6CC4-82DC-43BE-9AEC-2E0528F23ABF}.Release|Any CPU.Build.0 = Release|Any CPU
		{6FF17ECF-0692-46A0-83AD-5535918F0466}.Debug|Any CPU.ActiveCfg = Debug|x86
		{6FF17ECF-0692-46A0-83AD-5535918F0466}.Debug|Any CPU.Build.0 = Debug|x86
		{6FF17ECF-0692-46A0-83AD-5535918F0466}.Release|Any CPU.ActiveCfg = Release|x86
		{6FF17ECF-0692-46A0-83AD-5535918F0466}.Release|Any CPU.Build.0 = Release|x86
		{30038A32-18E5-44FD-BAC0-C057E09C5C4E}.Debug|Any CPU.ActiveCfg = Debug|Any CPU
		{30038A32-18E5-44FD-BAC0-C057E09C5C4E}.Debug|Any CPU.Build.0 = Debug|Any CPU
		{30038A32-18E5-44FD-BAC0-C057E09C5C4E}.Release|Any CPU.ActiveCfg = Release|Any CPU
		{30038A32-18E5-44FD-BAC0-C057E09C5C4E}.Release|Any CPU.Build.0 = Release|Any CPU
		{A94C603C-34C9-47DC-98F4-808424ACC04A}.Debug|Any CPU.ActiveCfg = Debug|Any CPU
		{A94C603C-34C9-47DC-98F4-808424ACC04A}.Debug|Any CPU.Build.0 = Debug|Any CPU
		{A94C603C-34C9-47DC-98F4-808424ACC04A}.Release|Any CPU.ActiveCfg = Release|Any CPU
		{A94C603C-34C9-47DC-98F4-808424ACC04A}.Release|Any CPU.Build.0 = Release|Any CPU
		{62A1D993-8146-41A8-A993-2401569483DD}.Debug|Any CPU.ActiveCfg = Debug|Any CPU
		{62A1D993-8146-41A8-A993-2401569483DD}.Debug|Any CPU.Build.0 = Debug|Any CPU
		{62A1D993-8146-41A8-A993-2401569483DD}.Release|Any CPU.ActiveCfg = Release|Any CPU
		{62A1D993-8146-41A8-A993-2401569483DD}.Release|Any CPU.Build.0 = Release|Any CPU
		{BAC7A78A-192D-45FE-B2F6-B5B0E359F687}.Debug|Any CPU.ActiveCfg = Debug|Any CPU
		{BAC7A78A-192D-45FE-B2F6-B5B0E359F687}.Debug|Any CPU.Build.0 = Debug|Any CPU
		{BAC7A78A-192D-45FE-B2F6-B5B0E359F687}.Release|Any CPU.ActiveCfg = Release|Any CPU
		{BAC7A78A-192D-45FE-B2F6-B5B0E359F687}.Release|Any CPU.Build.0 = Release|Any CPU
		{12994597-FCBC-417A-B465-61795CA459F0}.Debug|Any CPU.ActiveCfg = Debug|Any CPU
		{12994597-FCBC-417A-B465-61795CA459F0}.Debug|Any CPU.Build.0 = Debug|Any CPU
		{12994597-FCBC-417A-B465-61795CA459F0}.Release|Any CPU.ActiveCfg = Release|Any CPU
		{12994597-FCBC-417A-B465-61795CA459F0}.Release|Any CPU.Build.0 = Release|Any CPU
		{453BCA10-C244-49B2-A91D-808F64D355AA}.Debug|Any CPU.ActiveCfg = Debug|Any CPU
		{453BCA10-C244-49B2-A91D-808F64D355AA}.Debug|Any CPU.Build.0 = Debug|Any CPU
		{453BCA10-C244-49B2-A91D-808F64D355AA}.Release|Any CPU.ActiveCfg = Release|Any CPU
		{453BCA10-C244-49B2-A91D-808F64D355AA}.Release|Any CPU.Build.0 = Release|Any CPU
		{39C77A7C-3176-450A-BFDC-851BAE0851D0}.Debug|Any CPU.ActiveCfg = Debug|Any CPU
		{39C77A7C-3176-450A-BFDC-851BAE0851D0}.Debug|Any CPU.Build.0 = Debug|Any CPU
		{39C77A7C-3176-450A-BFDC-851BAE0851D0}.Release|Any CPU.ActiveCfg = Release|Any CPU
		{39C77A7C-3176-450A-BFDC-851BAE0851D0}.Release|Any CPU.Build.0 = Release|Any CPU
		{858ED41B-BD94-4DE0-9203-F6FE8BA60E3E}.Debug|Any CPU.ActiveCfg = Debug|Any CPU
		{858ED41B-BD94-4DE0-9203-F6FE8BA60E3E}.Debug|Any CPU.Build.0 = Debug|Any CPU
		{858ED41B-BD94-4DE0-9203-F6FE8BA60E3E}.Release|Any CPU.ActiveCfg = Release|Any CPU
		{858ED41B-BD94-4DE0-9203-F6FE8BA60E3E}.Release|Any CPU.Build.0 = Release|Any CPU
		{4DE7296F-3586-4631-AB89-C16089A17BD9}.Debug|Any CPU.ActiveCfg = Debug|Any CPU
		{4DE7296F-3586-4631-AB89-C16089A17BD9}.Debug|Any CPU.Build.0 = Debug|Any CPU
		{4DE7296F-3586-4631-AB89-C16089A17BD9}.Release|Any CPU.ActiveCfg = Release|Any CPU
		{4DE7296F-3586-4631-AB89-C16089A17BD9}.Release|Any CPU.Build.0 = Release|Any CPU
		{2D384FFF-E6CB-475B-9C95-D84AD2F264C8}.Debug|Any CPU.ActiveCfg = Debug|Any CPU
		{2D384FFF-E6CB-475B-9C95-D84AD2F264C8}.Debug|Any CPU.Build.0 = Debug|Any CPU
		{2D384FFF-E6CB-475B-9C95-D84AD2F264C8}.Release|Any CPU.ActiveCfg = Release|Any CPU
		{2D384FFF-E6CB-475B-9C95-D84AD2F264C8}.Release|Any CPU.Build.0 = Release|Any CPU
		{95DB5400-DE79-42AF-953D-202F41A8D948}.Debug|Any CPU.ActiveCfg = Debug|Any CPU
		{95DB5400-DE79-42AF-953D-202F41A8D948}.Debug|Any CPU.Build.0 = Debug|Any CPU
		{95DB5400-DE79-42AF-953D-202F41A8D948}.Release|Any CPU.ActiveCfg = Release|Any CPU
		{95DB5400-DE79-42AF-953D-202F41A8D948}.Release|Any CPU.Build.0 = Release|Any CPU
		{BF252C94-EBBB-4413-83FA-3FD07456C5B3}.Debug|Any CPU.ActiveCfg = Debug|Any CPU
		{BF252C94-EBBB-4413-83FA-3FD07456C5B3}.Debug|Any CPU.Build.0 = Debug|Any CPU
		{BF252C94-EBBB-4413-83FA-3FD07456C5B3}.Release|Any CPU.ActiveCfg = Release|Any CPU
		{BF252C94-EBBB-4413-83FA-3FD07456C5B3}.Release|Any CPU.Build.0 = Release|Any CPU
		{97967CB0-AFCB-4709-BD92-BDF62E628A4A}.Debug|Any CPU.ActiveCfg = Debug|Any CPU
		{97967CB0-AFCB-4709-BD92-BDF62E628A4A}.Debug|Any CPU.Build.0 = Debug|Any CPU
		{97967CB0-AFCB-4709-BD92-BDF62E628A4A}.Release|Any CPU.ActiveCfg = Release|Any CPU
		{97967CB0-AFCB-4709-BD92-BDF62E628A4A}.Release|Any CPU.Build.0 = Release|Any CPU
		{4E9E8B88-0085-4C23-8F6A-3909EB12088D}.Debug|Any CPU.ActiveCfg = Debug|Any CPU
		{4E9E8B88-0085-4C23-8F6A-3909EB12088D}.Debug|Any CPU.Build.0 = Debug|Any CPU
		{4E9E8B88-0085-4C23-8F6A-3909EB12088D}.Release|Any CPU.ActiveCfg = Release|Any CPU
		{4E9E8B88-0085-4C23-8F6A-3909EB12088D}.Release|Any CPU.Build.0 = Release|Any CPU
	EndGlobalSection
	GlobalSection(NestedProjects) = preSolution
		{6A5A55DE-D6C5-45B6-8B9C-5DCCAF4FE579} = {F4135DDD-FFD0-4C08-B733-C2733BE480BB}
		{92DE6CC4-82DC-43BE-9AEC-2E0528F23ABF} = {AAAEF113-041A-4DF5-BE88-452917F4DB0D}
		{9E4A0173-D7D1-49C3-BD7C-9A33D35C657D} = {AAAEF113-041A-4DF5-BE88-452917F4DB0D}
		{6FF17ECF-0692-46A0-83AD-5535918F0466} = {EB9177D7-FE6A-4A53-9E74-312E48061580}
		{30038A32-18E5-44FD-BAC0-C057E09C5C4E} = {EB9177D7-FE6A-4A53-9E74-312E48061580}
		{A94C603C-34C9-47DC-98F4-808424ACC04A} = {47CE076C-6B9C-4E33-AC10-6A3B859D0090}
		{62A1D993-8146-41A8-A993-2401569483DD} = {47CE076C-6B9C-4E33-AC10-6A3B859D0090}
		{BAC7A78A-192D-45FE-B2F6-B5B0E359F687} = {47CE076C-6B9C-4E33-AC10-6A3B859D0090}
		{12994597-FCBC-417A-B465-61795CA459F0} = {47CE076C-6B9C-4E33-AC10-6A3B859D0090}
		{453BCA10-C244-49B2-A91D-808F64D355AA} = {47CE076C-6B9C-4E33-AC10-6A3B859D0090}
		{39C77A7C-3176-450A-BFDC-851BAE0851D0} = {47CE076C-6B9C-4E33-AC10-6A3B859D0090}
		{858ED41B-BD94-4DE0-9203-F6FE8BA60E3E} = {47CE076C-6B9C-4E33-AC10-6A3B859D0090}
		{4DE7296F-3586-4631-AB89-C16089A17BD9} = {47CE076C-6B9C-4E33-AC10-6A3B859D0090}
		{2D384FFF-E6CB-475B-9C95-D84AD2F264C8} = {47CE076C-6B9C-4E33-AC10-6A3B859D0090}
		{95DB5400-DE79-42AF-953D-202F41A8D948} = {47CE076C-6B9C-4E33-AC10-6A3B859D0090}
		{BF252C94-EBBB-4413-83FA-3FD07456C5B3} = {47CE076C-6B9C-4E33-AC10-6A3B859D0090}
	EndGlobalSection
EndGlobal
