
Microsoft Visual Studio Solution File, Format Version 12.00
Project("{FAE04EC0-301F-11D3-BF4B-00C04F79EFBC}") = "SQLitePayrollDatabase", "SQLitePayrollDatabase\SQLitePayrollDatabase.csproj", "{9E4A0173-D7D1-49C3-BD7C-9A33D35C657D}"
EndProject
Project("{FAE04EC0-301F-11D3-BF4B-00C04F79EFBC}") = "SqliteDatabaseTests", "SqliteDatabaseTests\SqliteDatabaseTests.csproj", "{6A5A55DE-D6C5-45B6-8B9C-5DCCAF4FE579}"
EndProject
Project("{2150E333-8FDC-42A3-9474-1A3956D46DE8}") = "DatabaseImplementations", "DatabaseImplementations", "{AAAEF113-041A-4DF5-BE88-452917F4DB0D}"
EndProject
Project("{FAE04EC0-301F-11D3-BF4B-00C04F79EFBC}") = "PayrollDB", "PayrollDB\PayrollDB.csproj", "{7E62B1E0-C05E-4EB0-A775-06F5A761C64C}"
EndProject
Project("{FAE04EC0-301F-11D3-BF4B-00C04F79EFBC}") = "InMemoryDBTest", "InMemoryDBTest\InMemoryDBTest.csproj", "{92DE6CC4-82DC-43BE-9AEC-2E0528F23ABF}"
EndProject
Project("{FAE04EC0-301F-11D3-BF4B-00C04F79EFBC}") = "TransactionTests", "TransactionTests\TransactionTests.csproj", "{35667E34-E2AC-4D88-81C7-8751C84AF047}"
EndProject
Project("{FAE04EC0-301F-11D3-BF4B-00C04F79EFBC}") = "PayrollDomain", "PayrollDomain\PayrollDomain.csproj", "{6C2DCD48-4681-4AF8-9360-AB5F4040EB92}"
EndProject
Project("{FAE04EC0-301F-11D3-BF4B-00C04F79EFBC}") = "Affiliations", "Affiliations\Affiliations.csproj", "{BDAAD895-E91B-4852-AE51-11DE8D5D6B8D}"
EndProject
Project("{FAE04EC0-301F-11D3-BF4B-00C04F79EFBC}") = "Schedules", "Schedules\Schedules.csproj", "{4E6DB94B-82DC-4F9C-BFF8-0DF94BCC95D9}"
EndProject
Project("{FAE04EC0-301F-11D3-BF4B-00C04F79EFBC}") = "PaymentMethods", "PaymentMethods\PaymentMethods.csproj", "{4E08BB1C-9953-48C4-872F-CE0590F3AAD2}"
EndProject
Project("{FAE04EC0-301F-11D3-BF4B-00C04F79EFBC}") = "PaymentClassifications", "PaymentClassifications\PaymentClassifications.csproj", "{23130573-75D1-4802-9F65-9CD5B8F04971}"
EndProject
Project("{FAE04EC0-301F-11D3-BF4B-00C04F79EFBC}") = "Transactions", "Transactions\Transactions.csproj", "{BD8B0605-0D4C-4E80-830E-FDC7C82766ED}"
EndProject
Project("{2150E333-8FDC-42A3-9474-1A3956D46DE8}") = "Tests", "Tests", "{F4135DDD-FFD0-4C08-B733-C2733BE480BB}"
EndProject
Project("{FAE04EC0-301F-11D3-BF4B-00C04F79EFBC}") = "Presenters", "Presenters\Presenters.csproj", "{CCB1F31A-95FA-49E0-A329-F73044CA89ED}"
EndProject
Project("{FAE04EC0-301F-11D3-BF4B-00C04F79EFBC}") = "PayrollGTK", "PayrollGTK\PayrollGTK\PayrollGTK.csproj", "{6FF17ECF-0692-46A0-83AD-5535918F0466}"
EndProject
Project("{FAE04EC0-301F-11D3-BF4B-00C04F79EFBC}") = "GTKApplication", "GTKApplication\GTKApplication.csproj", "{30038A32-18E5-44FD-BAC0-C057E09C5C4E}"
EndProject
Project("{2150E333-8FDC-42A3-9474-1A3956D46DE8}") = "GTKGui", "GTKGui", "{EB9177D7-FE6A-4A53-9E74-312E48061580}"
EndProject
Project("{FAE04EC0-301F-11D3-BF4B-00C04F79EFBC}") = "WindowsFormsUI", "WindowsFormsUI\WindowsFormsUI.csproj", "{710B9641-B91E-42C6-8E1B-845D83EF4482}"
EndProject
Project("{FAE04EC0-301F-11D3-BF4B-00C04F79EFBC}") = "WinFormTest", "WinFormTest\WinFormTest.csproj", "{BF6707AC-CE11-4538-B555-B148CEF4F5CC}"
EndProject
Project("{FAE04EC0-301F-11D3-BF4B-00C04F79EFBC}") = "Payroll.TestBuilders", "Payroll.TestBuilders\Payroll.TestBuilders.csproj", "{368F1D4B-1828-4ACD-A0F5-E66F50142D80}"
EndProject
Global
	GlobalSection(SolutionConfigurationPlatforms) = preSolution
		Debug|Any CPU = Debug|Any CPU
		Release|Any CPU = Release|Any CPU
	EndGlobalSection
	GlobalSection(ProjectConfigurationPlatforms) = postSolution
		{9E4A0173-D7D1-49C3-BD7C-9A33D35C657D}.Debug|Any CPU.ActiveCfg = Debug|Any CPU
		{9E4A0173-D7D1-49C3-BD7C-9A33D35C657D}.Debug|Any CPU.Build.0 = Debug|Any CPU
		{9E4A0173-D7D1-49C3-BD7C-9A33D35C657D}.Release|Any CPU.ActiveCfg = Release|Any CPU
		{9E4A0173-D7D1-49C3-BD7C-9A33D35C657D}.Release|Any CPU.Build.0 = Release|Any CPU
		{6A5A55DE-D6C5-45B6-8B9C-5DCCAF4FE579}.Debug|Any CPU.ActiveCfg = Debug|Any CPU
		{6A5A55DE-D6C5-45B6-8B9C-5DCCAF4FE579}.Debug|Any CPU.Build.0 = Debug|Any CPU
		{6A5A55DE-D6C5-45B6-8B9C-5DCCAF4FE579}.Release|Any CPU.ActiveCfg = Release|Any CPU
		{6A5A55DE-D6C5-45B6-8B9C-5DCCAF4FE579}.Release|Any CPU.Build.0 = Release|Any CPU
		{7E62B1E0-C05E-4EB0-A775-06F5A761C64C}.Debug|Any CPU.ActiveCfg = Debug|Any CPU
		{7E62B1E0-C05E-4EB0-A775-06F5A761C64C}.Debug|Any CPU.Build.0 = Debug|Any CPU
		{7E62B1E0-C05E-4EB0-A775-06F5A761C64C}.Release|Any CPU.ActiveCfg = Release|Any CPU
		{7E62B1E0-C05E-4EB0-A775-06F5A761C64C}.Release|Any CPU.Build.0 = Release|Any CPU
		{92DE6CC4-82DC-43BE-9AEC-2E0528F23ABF}.Debug|Any CPU.ActiveCfg = Debug|Any CPU
		{92DE6CC4-82DC-43BE-9AEC-2E0528F23ABF}.Debug|Any CPU.Build.0 = Debug|Any CPU
		{92DE6CC4-82DC-43BE-9AEC-2E0528F23ABF}.Release|Any CPU.ActiveCfg = Release|Any CPU
		{92DE6CC4-82DC-43BE-9AEC-2E0528F23ABF}.Release|Any CPU.Build.0 = Release|Any CPU
		{35667E34-E2AC-4D88-81C7-8751C84AF047}.Debug|Any CPU.ActiveCfg = Debug|Any CPU
		{35667E34-E2AC-4D88-81C7-8751C84AF047}.Debug|Any CPU.Build.0 = Debug|Any CPU
		{35667E34-E2AC-4D88-81C7-8751C84AF047}.Release|Any CPU.ActiveCfg = Release|Any CPU
		{35667E34-E2AC-4D88-81C7-8751C84AF047}.Release|Any CPU.Build.0 = Release|Any CPU
		{6C2DCD48-4681-4AF8-9360-AB5F4040EB92}.Debug|Any CPU.ActiveCfg = Debug|Any CPU
		{6C2DCD48-4681-4AF8-9360-AB5F4040EB92}.Debug|Any CPU.Build.0 = Debug|Any CPU
		{6C2DCD48-4681-4AF8-9360-AB5F4040EB92}.Release|Any CPU.ActiveCfg = Release|Any CPU
		{6C2DCD48-4681-4AF8-9360-AB5F4040EB92}.Release|Any CPU.Build.0 = Release|Any CPU
		{BDAAD895-E91B-4852-AE51-11DE8D5D6B8D}.Debug|Any CPU.ActiveCfg = Debug|Any CPU
		{BDAAD895-E91B-4852-AE51-11DE8D5D6B8D}.Debug|Any CPU.Build.0 = Debug|Any CPU
		{BDAAD895-E91B-4852-AE51-11DE8D5D6B8D}.Release|Any CPU.ActiveCfg = Release|Any CPU
		{BDAAD895-E91B-4852-AE51-11DE8D5D6B8D}.Release|Any CPU.Build.0 = Release|Any CPU
		{4E6DB94B-82DC-4F9C-BFF8-0DF94BCC95D9}.Debug|Any CPU.ActiveCfg = Debug|Any CPU
		{4E6DB94B-82DC-4F9C-BFF8-0DF94BCC95D9}.Debug|Any CPU.Build.0 = Debug|Any CPU
		{4E6DB94B-82DC-4F9C-BFF8-0DF94BCC95D9}.Release|Any CPU.ActiveCfg = Release|Any CPU
		{4E6DB94B-82DC-4F9C-BFF8-0DF94BCC95D9}.Release|Any CPU.Build.0 = Release|Any CPU
		{4E08BB1C-9953-48C4-872F-CE0590F3AAD2}.Debug|Any CPU.ActiveCfg = Debug|Any CPU
		{4E08BB1C-9953-48C4-872F-CE0590F3AAD2}.Debug|Any CPU.Build.0 = Debug|Any CPU
		{4E08BB1C-9953-48C4-872F-CE0590F3AAD2}.Release|Any CPU.ActiveCfg = Release|Any CPU
		{4E08BB1C-9953-48C4-872F-CE0590F3AAD2}.Release|Any CPU.Build.0 = Release|Any CPU
		{23130573-75D1-4802-9F65-9CD5B8F04971}.Debug|Any CPU.ActiveCfg = Debug|Any CPU
		{23130573-75D1-4802-9F65-9CD5B8F04971}.Debug|Any CPU.Build.0 = Debug|Any CPU
		{23130573-75D1-4802-9F65-9CD5B8F04971}.Release|Any CPU.ActiveCfg = Release|Any CPU
		{23130573-75D1-4802-9F65-9CD5B8F04971}.Release|Any CPU.Build.0 = Release|Any CPU
		{BD8B0605-0D4C-4E80-830E-FDC7C82766ED}.Debug|Any CPU.ActiveCfg = Debug|Any CPU
		{BD8B0605-0D4C-4E80-830E-FDC7C82766ED}.Debug|Any CPU.Build.0 = Debug|Any CPU
		{BD8B0605-0D4C-4E80-830E-FDC7C82766ED}.Release|Any CPU.ActiveCfg = Release|Any CPU
		{BD8B0605-0D4C-4E80-830E-FDC7C82766ED}.Release|Any CPU.Build.0 = Release|Any CPU
		{CCB1F31A-95FA-49E0-A329-F73044CA89ED}.Debug|Any CPU.ActiveCfg = Debug|Any CPU
		{CCB1F31A-95FA-49E0-A329-F73044CA89ED}.Debug|Any CPU.Build.0 = Debug|Any CPU
		{CCB1F31A-95FA-49E0-A329-F73044CA89ED}.Release|Any CPU.ActiveCfg = Release|Any CPU
		{CCB1F31A-95FA-49E0-A329-F73044CA89ED}.Release|Any CPU.Build.0 = Release|Any CPU
		{6FF17ECF-0692-46A0-83AD-5535918F0466}.Debug|Any CPU.ActiveCfg = Debug|x86
		{6FF17ECF-0692-46A0-83AD-5535918F0466}.Debug|Any CPU.Build.0 = Debug|x86
		{6FF17ECF-0692-46A0-83AD-5535918F0466}.Release|Any CPU.ActiveCfg = Release|x86
		{6FF17ECF-0692-46A0-83AD-5535918F0466}.Release|Any CPU.Build.0 = Release|x86
		{30038A32-18E5-44FD-BAC0-C057E09C5C4E}.Debug|Any CPU.ActiveCfg = Debug|Any CPU
		{30038A32-18E5-44FD-BAC0-C057E09C5C4E}.Debug|Any CPU.Build.0 = Debug|Any CPU
		{30038A32-18E5-44FD-BAC0-C057E09C5C4E}.Release|Any CPU.ActiveCfg = Release|Any CPU
		{30038A32-18E5-44FD-BAC0-C057E09C5C4E}.Release|Any CPU.Build.0 = Release|Any CPU
		{710B9641-B91E-42C6-8E1B-845D83EF4482}.Debug|Any CPU.ActiveCfg = Debug|Any CPU
		{710B9641-B91E-42C6-8E1B-845D83EF4482}.Debug|Any CPU.Build.0 = Debug|Any CPU
		{710B9641-B91E-42C6-8E1B-845D83EF4482}.Release|Any CPU.ActiveCfg = Release|Any CPU
		{710B9641-B91E-42C6-8E1B-845D83EF4482}.Release|Any CPU.Build.0 = Release|Any CPU
		{BF6707AC-CE11-4538-B555-B148CEF4F5CC}.Debug|Any CPU.ActiveCfg = Debug|Any CPU
		{BF6707AC-CE11-4538-B555-B148CEF4F5CC}.Debug|Any CPU.Build.0 = Debug|Any CPU
		{BF6707AC-CE11-4538-B555-B148CEF4F5CC}.Release|Any CPU.ActiveCfg = Release|Any CPU
		{BF6707AC-CE11-4538-B555-B148CEF4F5CC}.Release|Any CPU.Build.0 = Release|Any CPU
		{368F1D4B-1828-4ACD-A0F5-E66F50142D80}.Debug|Any CPU.ActiveCfg = Debug|Any CPU
		{368F1D4B-1828-4ACD-A0F5-E66F50142D80}.Debug|Any CPU.Build.0 = Debug|Any CPU
		{368F1D4B-1828-4ACD-A0F5-E66F50142D80}.Release|Any CPU.ActiveCfg = Release|Any CPU
		{368F1D4B-1828-4ACD-A0F5-E66F50142D80}.Release|Any CPU.Build.0 = Release|Any CPU
	EndGlobalSection
	GlobalSection(NestedProjects) = preSolution
		{35667E34-E2AC-4D88-81C7-8751C84AF047} = {F4135DDD-FFD0-4C08-B733-C2733BE480BB}
		{6A5A55DE-D6C5-45B6-8B9C-5DCCAF4FE579} = {F4135DDD-FFD0-4C08-B733-C2733BE480BB}
		{92DE6CC4-82DC-43BE-9AEC-2E0528F23ABF} = {AAAEF113-041A-4DF5-BE88-452917F4DB0D}
		{9E4A0173-D7D1-49C3-BD7C-9A33D35C657D} = {AAAEF113-041A-4DF5-BE88-452917F4DB0D}
		{6FF17ECF-0692-46A0-83AD-5535918F0466} = {EB9177D7-FE6A-4A53-9E74-312E48061580}
		{30038A32-18E5-44FD-BAC0-C057E09C5C4E} = {EB9177D7-FE6A-4A53-9E74-312E48061580}
		{368F1D4B-1828-4ACD-A0F5-E66F50142D80} = {F4135DDD-FFD0-4C08-B733-C2733BE480BB}
	EndGlobalSection
EndGlobal
