
Microsoft Visual Studio Solution File, Format Version 12.00
Project("{2150E333-8FDC-42A3-9474-1A3956D46DE8}") = "DatabaseImplementations", "DatabaseImplementations", "{AAAEF113-041A-4DF5-BE88-452917F4DB0D}"
EndProject
Project("{2150E333-8FDC-42A3-9474-1A3956D46DE8}") = "Tests", "Tests", "{F4135DDD-FFD0-4C08-B733-C2733BE480BB}"
EndProject
Project("{FAE04EC0-301F-11D3-BF4B-00C04F79EFBC}") = "Affiliation", "Affiliation\Affiliation.csproj", "{1BC842EA-28E8-4191-AD23-ADEBEED9025A}"
EndProject
Project("{FAE04EC0-301F-11D3-BF4B-00C04F79EFBC}") = "Database", "Database\Database.csproj", "{BF7FDA24-7B78-4915-98A3-61462F7A6225}"
EndProject
Project("{FAE04EC0-301F-11D3-BF4B-00C04F79EFBC}") = "Transaction", "Transaction\Transaction.csproj", "{E66675D2-A16E-4EF3-861B-9AB58AD84A68}"
EndProject
Project("{FAE04EC0-301F-11D3-BF4B-00C04F79EFBC}") = "Classification", "Classification\Classification.csproj", "{2C54EBDD-8677-4E76-9E97-C51E968851EF}"
EndProject
Project("{FAE04EC0-301F-11D3-BF4B-00C04F79EFBC}") = "Method", "Method\Method.csproj", "{D2D67775-A0E0-4997-8A01-CB60EC9AC210}"
EndProject
Project("{FAE04EC0-301F-11D3-BF4B-00C04F79EFBC}") = "Domain", "Domain\Domain.csproj", "{AE7B3BDB-9426-4AEE-9258-CFF898A81DA2}"
EndProject
Project("{FAE04EC0-301F-11D3-BF4B-00C04F79EFBC}") = "Schedule", "Schedule\Schedule.csproj", "{A89BB801-C5AA-4C6E-95CC-A5611F69BBFF}"
EndProject
Project("{FAE04EC0-301F-11D3-BF4B-00C04F79EFBC}") = "SQlitePayrollDB", "SQlitePayrollDB\SQlitePayrollDB.csproj", "{701119A2-A831-46F0-98C6-CE07671360D5}"
EndProject
Project("{FAE04EC0-301F-11D3-BF4B-00C04F79EFBC}") = "TransactionTest", "TransactionTest\TransactionTest.csproj", "{58A7D118-6F95-4003-907B-525EE84719B3}"
EndProject
Project("{FAE04EC0-301F-11D3-BF4B-00C04F79EFBC}") = "SQLiteTests", "SQLiteTests\SQLiteTests.csproj", "{6C89A6DB-0E82-43F0-8625-D20D3BF0017F}"
EndProject
Project("{FAE04EC0-301F-11D3-BF4B-00C04F79EFBC}") = "InMemoryDatabaseTests", "InMemoryDatabaseTests\InMemoryDatabaseTests.csproj", "{E0CAB506-0134-47CA-B6D9-335A40B535D5}"
EndProject
Global
	GlobalSection(SolutionConfigurationPlatforms) = preSolution
		Debug|Any CPU = Debug|Any CPU
		Release|Any CPU = Release|Any CPU
	EndGlobalSection
	GlobalSection(ProjectConfigurationPlatforms) = postSolution
		{1BC842EA-28E8-4191-AD23-ADEBEED9025A}.Debug|Any CPU.ActiveCfg = Debug|Any CPU
		{1BC842EA-28E8-4191-AD23-ADEBEED9025A}.Debug|Any CPU.Build.0 = Debug|Any CPU
		{1BC842EA-28E8-4191-AD23-ADEBEED9025A}.Release|Any CPU.ActiveCfg = Release|Any CPU
		{1BC842EA-28E8-4191-AD23-ADEBEED9025A}.Release|Any CPU.Build.0 = Release|Any CPU
		{BF7FDA24-7B78-4915-98A3-61462F7A6225}.Debug|Any CPU.ActiveCfg = Debug|Any CPU
		{BF7FDA24-7B78-4915-98A3-61462F7A6225}.Debug|Any CPU.Build.0 = Debug|Any CPU
		{BF7FDA24-7B78-4915-98A3-61462F7A6225}.Release|Any CPU.ActiveCfg = Release|Any CPU
		{BF7FDA24-7B78-4915-98A3-61462F7A6225}.Release|Any CPU.Build.0 = Release|Any CPU
		{E66675D2-A16E-4EF3-861B-9AB58AD84A68}.Debug|Any CPU.ActiveCfg = Debug|Any CPU
		{E66675D2-A16E-4EF3-861B-9AB58AD84A68}.Debug|Any CPU.Build.0 = Debug|Any CPU
		{E66675D2-A16E-4EF3-861B-9AB58AD84A68}.Release|Any CPU.ActiveCfg = Release|Any CPU
		{E66675D2-A16E-4EF3-861B-9AB58AD84A68}.Release|Any CPU.Build.0 = Release|Any CPU
		{2C54EBDD-8677-4E76-9E97-C51E968851EF}.Debug|Any CPU.ActiveCfg = Debug|Any CPU
		{2C54EBDD-8677-4E76-9E97-C51E968851EF}.Debug|Any CPU.Build.0 = Debug|Any CPU
		{2C54EBDD-8677-4E76-9E97-C51E968851EF}.Release|Any CPU.ActiveCfg = Release|Any CPU
		{2C54EBDD-8677-4E76-9E97-C51E968851EF}.Release|Any CPU.Build.0 = Release|Any CPU
		{D2D67775-A0E0-4997-8A01-CB60EC9AC210}.Debug|Any CPU.ActiveCfg = Debug|Any CPU
		{D2D67775-A0E0-4997-8A01-CB60EC9AC210}.Debug|Any CPU.Build.0 = Debug|Any CPU
		{D2D67775-A0E0-4997-8A01-CB60EC9AC210}.Release|Any CPU.ActiveCfg = Release|Any CPU
		{D2D67775-A0E0-4997-8A01-CB60EC9AC210}.Release|Any CPU.Build.0 = Release|Any CPU
		{AE7B3BDB-9426-4AEE-9258-CFF898A81DA2}.Debug|Any CPU.ActiveCfg = Debug|Any CPU
		{AE7B3BDB-9426-4AEE-9258-CFF898A81DA2}.Debug|Any CPU.Build.0 = Debug|Any CPU
		{AE7B3BDB-9426-4AEE-9258-CFF898A81DA2}.Release|Any CPU.ActiveCfg = Release|Any CPU
		{AE7B3BDB-9426-4AEE-9258-CFF898A81DA2}.Release|Any CPU.Build.0 = Release|Any CPU
		{A89BB801-C5AA-4C6E-95CC-A5611F69BBFF}.Debug|Any CPU.ActiveCfg = Debug|Any CPU
		{A89BB801-C5AA-4C6E-95CC-A5611F69BBFF}.Debug|Any CPU.Build.0 = Debug|Any CPU
		{A89BB801-C5AA-4C6E-95CC-A5611F69BBFF}.Release|Any CPU.ActiveCfg = Release|Any CPU
		{A89BB801-C5AA-4C6E-95CC-A5611F69BBFF}.Release|Any CPU.Build.0 = Release|Any CPU
		{701119A2-A831-46F0-98C6-CE07671360D5}.Debug|Any CPU.ActiveCfg = Debug|Any CPU
		{701119A2-A831-46F0-98C6-CE07671360D5}.Debug|Any CPU.Build.0 = Debug|Any CPU
		{701119A2-A831-46F0-98C6-CE07671360D5}.Release|Any CPU.ActiveCfg = Release|Any CPU
		{701119A2-A831-46F0-98C6-CE07671360D5}.Release|Any CPU.Build.0 = Release|Any CPU
		{58A7D118-6F95-4003-907B-525EE84719B3}.Debug|Any CPU.ActiveCfg = Debug|Any CPU
		{58A7D118-6F95-4003-907B-525EE84719B3}.Debug|Any CPU.Build.0 = Debug|Any CPU
		{58A7D118-6F95-4003-907B-525EE84719B3}.Release|Any CPU.ActiveCfg = Release|Any CPU
		{58A7D118-6F95-4003-907B-525EE84719B3}.Release|Any CPU.Build.0 = Release|Any CPU
		{6C89A6DB-0E82-43F0-8625-D20D3BF0017F}.Debug|Any CPU.ActiveCfg = Debug|Any CPU
		{6C89A6DB-0E82-43F0-8625-D20D3BF0017F}.Debug|Any CPU.Build.0 = Debug|Any CPU
		{6C89A6DB-0E82-43F0-8625-D20D3BF0017F}.Release|Any CPU.ActiveCfg = Release|Any CPU
		{6C89A6DB-0E82-43F0-8625-D20D3BF0017F}.Release|Any CPU.Build.0 = Release|Any CPU
		{E0CAB506-0134-47CA-B6D9-335A40B535D5}.Debug|Any CPU.ActiveCfg = Debug|Any CPU
		{E0CAB506-0134-47CA-B6D9-335A40B535D5}.Debug|Any CPU.Build.0 = Debug|Any CPU
		{E0CAB506-0134-47CA-B6D9-335A40B535D5}.Release|Any CPU.ActiveCfg = Release|Any CPU
		{E0CAB506-0134-47CA-B6D9-335A40B535D5}.Release|Any CPU.Build.0 = Release|Any CPU
	EndGlobalSection
	GlobalSection(NestedProjects) = preSolution
		{701119A2-A831-46F0-98C6-CE07671360D5} = {AAAEF113-041A-4DF5-BE88-452917F4DB0D}
		{58A7D118-6F95-4003-907B-525EE84719B3} = {F4135DDD-FFD0-4C08-B733-C2733BE480BB}
		{6C89A6DB-0E82-43F0-8625-D20D3BF0017F} = {F4135DDD-FFD0-4C08-B733-C2733BE480BB}
		{E0CAB506-0134-47CA-B6D9-335A40B535D5} = {F4135DDD-FFD0-4C08-B733-C2733BE480BB}
	EndGlobalSection
EndGlobal
